// !$*UTF8*$!
{
	archiveVersion = 1;
	classes = {
	};
	objectVersion = 46;
	objects = {

/* Begin PBXBuildFile section */
		221397F51870CACD0072951C /* Foundation.framework in Frameworks */ = {isa = PBXBuildFile; fileRef = 224D77FB183555D000BC8680 /* Foundation.framework */; };
		221398021870CACD0072951C /* XCTest.framework in Frameworks */ = {isa = PBXBuildFile; fileRef = 224D781A183555D000BC8680 /* XCTest.framework */; };
		221398031870CACD0072951C /* Foundation.framework in Frameworks */ = {isa = PBXBuildFile; fileRef = 224D77FB183555D000BC8680 /* Foundation.framework */; };
		221398041870CACD0072951C /* UIKit.framework in Frameworks */ = {isa = PBXBuildFile; fileRef = 224D77FF183555D000BC8680 /* UIKit.framework */; };
		221398071870CACD0072951C /* libRWKnobControl.a in Frameworks */ = {isa = PBXBuildFile; fileRef = 221397F41870CACD0072951C /* libRWKnobControl.a */; };
		2213980D1870CACD0072951C /* InfoPlist.strings in Resources */ = {isa = PBXBuildFile; fileRef = 2213980B1870CACD0072951C /* InfoPlist.strings */; };
		2213980F1870CACD0072951C /* RWKnobControlTests.m in Sources */ = {isa = PBXBuildFile; fileRef = 2213980E1870CACD0072951C /* RWKnobControlTests.m */; };
		221398161870DA9F0072951C /* RWKnobControl.m in Sources */ = {isa = PBXBuildFile; fileRef = 224D7831183673A500BC8680 /* RWKnobControl.m */; };
		221398171870DAA30072951C /* RWKnobRenderer.m in Sources */ = {isa = PBXBuildFile; fileRef = 224D7834183830BF00BC8680 /* RWKnobRenderer.m */; };
		221398181870DAA80072951C /* RWRotationGestureRecognizer.m in Sources */ = {isa = PBXBuildFile; fileRef = 2285944618454DDB00CF3D01 /* RWRotationGestureRecognizer.m */; };
		2213981A1870DC7C0072951C /* RWKnobControl.h in Headers */ = {isa = PBXBuildFile; fileRef = 224D7830183673A500BC8680 /* RWKnobControl.h */; settings = {ATTRIBUTES = (Public, ); }; };
		2213981B1870DC7C0072951C /* RWKnobRenderer.h in Headers */ = {isa = PBXBuildFile; fileRef = 224D7833183830BF00BC8680 /* RWKnobRenderer.h */; settings = {ATTRIBUTES = (Public, ); }; };
		2213981C1870DC7C0072951C /* RWRotationGestureRecognizer.h in Headers */ = {isa = PBXBuildFile; fileRef = 2285944518454DDB00CF3D01 /* RWRotationGestureRecognizer.h */; settings = {ATTRIBUTES = (Public, ); }; };
		224D77FC183555D000BC8680 /* Foundation.framework in Frameworks */ = {isa = PBXBuildFile; fileRef = 224D77FB183555D000BC8680 /* Foundation.framework */; };
		224D77FE183555D000BC8680 /* CoreGraphics.framework in Frameworks */ = {isa = PBXBuildFile; fileRef = 224D77FD183555D000BC8680 /* CoreGraphics.framework */; };
		224D7800183555D000BC8680 /* UIKit.framework in Frameworks */ = {isa = PBXBuildFile; fileRef = 224D77FF183555D000BC8680 /* UIKit.framework */; };
		224D7806183555D000BC8680 /* InfoPlist.strings in Resources */ = {isa = PBXBuildFile; fileRef = 224D7804183555D000BC8680 /* InfoPlist.strings */; };
		224D7808183555D000BC8680 /* main.m in Sources */ = {isa = PBXBuildFile; fileRef = 224D7807183555D000BC8680 /* main.m */; };
		224D780C183555D000BC8680 /* RWAppDelegate.m in Sources */ = {isa = PBXBuildFile; fileRef = 224D780B183555D000BC8680 /* RWAppDelegate.m */; };
		224D780F183555D000BC8680 /* Main.storyboard in Resources */ = {isa = PBXBuildFile; fileRef = 224D780D183555D000BC8680 /* Main.storyboard */; };
		224D7812183555D000BC8680 /* RWViewController.m in Sources */ = {isa = PBXBuildFile; fileRef = 224D7811183555D000BC8680 /* RWViewController.m */; };
		224D7814183555D000BC8680 /* Images.xcassets in Resources */ = {isa = PBXBuildFile; fileRef = 224D7813183555D000BC8680 /* Images.xcassets */; };
		224D781B183555D000BC8680 /* XCTest.framework in Frameworks */ = {isa = PBXBuildFile; fileRef = 224D781A183555D000BC8680 /* XCTest.framework */; };
		224D781C183555D000BC8680 /* Foundation.framework in Frameworks */ = {isa = PBXBuildFile; fileRef = 224D77FB183555D000BC8680 /* Foundation.framework */; };
		224D781D183555D000BC8680 /* UIKit.framework in Frameworks */ = {isa = PBXBuildFile; fileRef = 224D77FF183555D000BC8680 /* UIKit.framework */; };
		224D7825183555D000BC8680 /* InfoPlist.strings in Resources */ = {isa = PBXBuildFile; fileRef = 224D7823183555D000BC8680 /* InfoPlist.strings */; };
		224D7827183555D000BC8680 /* KnobControlTests.m in Sources */ = {isa = PBXBuildFile; fileRef = 224D7826183555D000BC8680 /* KnobControlTests.m */; };
		224D7832183673A500BC8680 /* RWKnobControl.m in Sources */ = {isa = PBXBuildFile; fileRef = 224D7831183673A500BC8680 /* RWKnobControl.m */; };
		224D7835183830BF00BC8680 /* RWKnobRenderer.m in Sources */ = {isa = PBXBuildFile; fileRef = 224D7834183830BF00BC8680 /* RWKnobRenderer.m */; };
		2285944718454DDB00CF3D01 /* RWRotationGestureRecognizer.m in Sources */ = {isa = PBXBuildFile; fileRef = 2285944618454DDB00CF3D01 /* RWRotationGestureRecognizer.m */; };
/* End PBXBuildFile section */

/* Begin PBXContainerItemProxy section */
		221398051870CACD0072951C /* PBXContainerItemProxy */ = {
			isa = PBXContainerItemProxy;
			containerPortal = 224D77F0183555D000BC8680 /* Project object */;
			proxyType = 1;
			remoteGlobalIDString = 221397F31870CACD0072951C;
			remoteInfo = RWKnobControl;
		};
		224D781E183555D000BC8680 /* PBXContainerItemProxy */ = {
			isa = PBXContainerItemProxy;
			containerPortal = 224D77F0183555D000BC8680 /* Project object */;
			proxyType = 1;
			remoteGlobalIDString = 224D77F7183555D000BC8680;
			remoteInfo = KnobControl;
		};
/* End PBXContainerItemProxy section */

/* Begin PBXCopyFilesBuildPhase section */
		221397F21870CACD0072951C /* CopyFiles */ = {
			isa = PBXCopyFilesBuildPhase;
			buildActionMask = 2147483647;
			dstPath = "include/$(PRODUCT_NAME)";
			dstSubfolderSpec = 16;
			files = (
			);
			runOnlyForDeploymentPostprocessing = 0;
		};
/* End PBXCopyFilesBuildPhase section */

/* Begin PBXFileReference section */
		221397F41870CACD0072951C /* libRWKnobControl.a */ = {isa = PBXFileReference; explicitFileType = archive.ar; includeInIndex = 0; path = libRWKnobControl.a; sourceTree = BUILT_PRODUCTS_DIR; };
		221397F81870CACD0072951C /* RWKnobControl-Prefix.pch */ = {isa = PBXFileReference; lastKnownFileType = sourcecode.c.h; path = "RWKnobControl-Prefix.pch"; sourceTree = "<group>"; };
		221398011870CACD0072951C /* RWKnobControlTests.xctest */ = {isa = PBXFileReference; explicitFileType = wrapper.cfbundle; includeInIndex = 0; path = RWKnobControlTests.xctest; sourceTree = BUILT_PRODUCTS_DIR; };
		2213980A1870CACD0072951C /* RWKnobControlTests-Info.plist */ = {isa = PBXFileReference; lastKnownFileType = text.plist.xml; path = "RWKnobControlTests-Info.plist"; sourceTree = "<group>"; };
		2213980C1870CACD0072951C /* en */ = {isa = PBXFileReference; lastKnownFileType = text.plist.strings; name = en; path = en.lproj/InfoPlist.strings; sourceTree = "<group>"; };
		2213980E1870CACD0072951C /* RWKnobControlTests.m */ = {isa = PBXFileReference; lastKnownFileType = sourcecode.c.objc; path = RWKnobControlTests.m; sourceTree = "<group>"; };
		224D77F8183555D000BC8680 /* KnobControl.app */ = {isa = PBXFileReference; explicitFileType = wrapper.application; includeInIndex = 0; path = KnobControl.app; sourceTree = BUILT_PRODUCTS_DIR; };
		224D77FB183555D000BC8680 /* Foundation.framework */ = {isa = PBXFileReference; lastKnownFileType = wrapper.framework; name = Foundation.framework; path = System/Library/Frameworks/Foundation.framework; sourceTree = SDKROOT; };
		224D77FD183555D000BC8680 /* CoreGraphics.framework */ = {isa = PBXFileReference; lastKnownFileType = wrapper.framework; name = CoreGraphics.framework; path = System/Library/Frameworks/CoreGraphics.framework; sourceTree = SDKROOT; };
		224D77FF183555D000BC8680 /* UIKit.framework */ = {isa = PBXFileReference; lastKnownFileType = wrapper.framework; name = UIKit.framework; path = System/Library/Frameworks/UIKit.framework; sourceTree = SDKROOT; };
		224D7803183555D000BC8680 /* KnobControl-Info.plist */ = {isa = PBXFileReference; lastKnownFileType = text.plist.xml; path = "KnobControl-Info.plist"; sourceTree = "<group>"; };
		224D7805183555D000BC8680 /* en */ = {isa = PBXFileReference; lastKnownFileType = text.plist.strings; name = en; path = en.lproj/InfoPlist.strings; sourceTree = "<group>"; };
		224D7807183555D000BC8680 /* main.m */ = {isa = PBXFileReference; lastKnownFileType = sourcecode.c.objc; path = main.m; sourceTree = "<group>"; };
		224D7809183555D000BC8680 /* KnobControl-Prefix.pch */ = {isa = PBXFileReference; lastKnownFileType = sourcecode.c.h; path = "KnobControl-Prefix.pch"; sourceTree = "<group>"; };
		224D780A183555D000BC8680 /* RWAppDelegate.h */ = {isa = PBXFileReference; lastKnownFileType = sourcecode.c.h; path = RWAppDelegate.h; sourceTree = "<group>"; };
		224D780B183555D000BC8680 /* RWAppDelegate.m */ = {isa = PBXFileReference; lastKnownFileType = sourcecode.c.objc; path = RWAppDelegate.m; sourceTree = "<group>"; };
		224D780E183555D000BC8680 /* Base */ = {isa = PBXFileReference; lastKnownFileType = file.storyboard; name = Base; path = Base.lproj/Main.storyboard; sourceTree = "<group>"; };
		224D7810183555D000BC8680 /* RWViewController.h */ = {isa = PBXFileReference; lastKnownFileType = sourcecode.c.h; path = RWViewController.h; sourceTree = "<group>"; };
		224D7811183555D000BC8680 /* RWViewController.m */ = {isa = PBXFileReference; lastKnownFileType = sourcecode.c.objc; path = RWViewController.m; sourceTree = "<group>"; };
		224D7813183555D000BC8680 /* Images.xcassets */ = {isa = PBXFileReference; lastKnownFileType = folder.assetcatalog; path = Images.xcassets; sourceTree = "<group>"; };
		224D7819183555D000BC8680 /* KnobControlTests.xctest */ = {isa = PBXFileReference; explicitFileType = wrapper.cfbundle; includeInIndex = 0; path = KnobControlTests.xctest; sourceTree = BUILT_PRODUCTS_DIR; };
		224D781A183555D000BC8680 /* XCTest.framework */ = {isa = PBXFileReference; lastKnownFileType = wrapper.framework; name = XCTest.framework; path = Library/Frameworks/XCTest.framework; sourceTree = DEVELOPER_DIR; };
		224D7822183555D000BC8680 /* KnobControlTests-Info.plist */ = {isa = PBXFileReference; lastKnownFileType = text.plist.xml; path = "KnobControlTests-Info.plist"; sourceTree = "<group>"; };
		224D7824183555D000BC8680 /* en */ = {isa = PBXFileReference; lastKnownFileType = text.plist.strings; name = en; path = en.lproj/InfoPlist.strings; sourceTree = "<group>"; };
		224D7826183555D000BC8680 /* KnobControlTests.m */ = {isa = PBXFileReference; lastKnownFileType = sourcecode.c.objc; path = KnobControlTests.m; sourceTree = "<group>"; };
		224D7830183673A500BC8680 /* RWKnobControl.h */ = {isa = PBXFileReference; fileEncoding = 4; lastKnownFileType = sourcecode.c.h; path = RWKnobControl.h; sourceTree = "<group>"; };
		224D7831183673A500BC8680 /* RWKnobControl.m */ = {isa = PBXFileReference; fileEncoding = 4; lastKnownFileType = sourcecode.c.objc; path = RWKnobControl.m; sourceTree = "<group>"; };
		224D7833183830BF00BC8680 /* RWKnobRenderer.h */ = {isa = PBXFileReference; fileEncoding = 4; lastKnownFileType = sourcecode.c.h; path = RWKnobRenderer.h; sourceTree = "<group>"; };
		224D7834183830BF00BC8680 /* RWKnobRenderer.m */ = {isa = PBXFileReference; fileEncoding = 4; lastKnownFileType = sourcecode.c.objc; path = RWKnobRenderer.m; sourceTree = "<group>"; };
		2285944518454DDB00CF3D01 /* RWRotationGestureRecognizer.h */ = {isa = PBXFileReference; fileEncoding = 4; lastKnownFileType = sourcecode.c.h; path = RWRotationGestureRecognizer.h; sourceTree = "<group>"; };
		2285944618454DDB00CF3D01 /* RWRotationGestureRecognizer.m */ = {isa = PBXFileReference; fileEncoding = 4; lastKnownFileType = sourcecode.c.objc; path = RWRotationGestureRecognizer.m; sourceTree = "<group>"; };
/* End PBXFileReference section */

/* Begin PBXFrameworksBuildPhase section */
		221397F11870CACD0072951C /* Frameworks */ = {
			isa = PBXFrameworksBuildPhase;
			buildActionMask = 2147483647;
			files = (
				221397F51870CACD0072951C /* Foundation.framework in Frameworks */,
			);
			runOnlyForDeploymentPostprocessing = 0;
		};
		221397FE1870CACD0072951C /* Frameworks */ = {
			isa = PBXFrameworksBuildPhase;
			buildActionMask = 2147483647;
			files = (
				221398071870CACD0072951C /* libRWKnobControl.a in Frameworks */,
				221398021870CACD0072951C /* XCTest.framework in Frameworks */,
				221398041870CACD0072951C /* UIKit.framework in Frameworks */,
				221398031870CACD0072951C /* Foundation.framework in Frameworks */,
			);
			runOnlyForDeploymentPostprocessing = 0;
		};
		224D77F5183555D000BC8680 /* Frameworks */ = {
			isa = PBXFrameworksBuildPhase;
			buildActionMask = 2147483647;
			files = (
				224D77FE183555D000BC8680 /* CoreGraphics.framework in Frameworks */,
				224D7800183555D000BC8680 /* UIKit.framework in Frameworks */,
				224D77FC183555D000BC8680 /* Foundation.framework in Frameworks */,
			);
			runOnlyForDeploymentPostprocessing = 0;
		};
		224D7816183555D000BC8680 /* Frameworks */ = {
			isa = PBXFrameworksBuildPhase;
			buildActionMask = 2147483647;
			files = (
				224D781B183555D000BC8680 /* XCTest.framework in Frameworks */,
				224D781D183555D000BC8680 /* UIKit.framework in Frameworks */,
				224D781C183555D000BC8680 /* Foundation.framework in Frameworks */,
			);
			runOnlyForDeploymentPostprocessing = 0;
		};
/* End PBXFrameworksBuildPhase section */

/* Begin PBXGroup section */
		221397F61870CACD0072951C /* RWKnobControl */ = {
			isa = PBXGroup;
			children = (
				221397F71870CACD0072951C /* Supporting Files */,
			);
			path = RWKnobControl;
			sourceTree = "<group>";
		};
		221397F71870CACD0072951C /* Supporting Files */ = {
			isa = PBXGroup;
			children = (
				221397F81870CACD0072951C /* RWKnobControl-Prefix.pch */,
			);
			name = "Supporting Files";
			sourceTree = "<group>";
		};
		221398081870CACD0072951C /* RWKnobControlTests */ = {
			isa = PBXGroup;
			children = (
				2213980E1870CACD0072951C /* RWKnobControlTests.m */,
				221398091870CACD0072951C /* Supporting Files */,
			);
			path = RWKnobControlTests;
			sourceTree = "<group>";
		};
		221398091870CACD0072951C /* Supporting Files */ = {
			isa = PBXGroup;
			children = (
				2213980A1870CACD0072951C /* RWKnobControlTests-Info.plist */,
				2213980B1870CACD0072951C /* InfoPlist.strings */,
			);
			name = "Supporting Files";
			sourceTree = "<group>";
		};
		224D77EF183555D000BC8680 = {
			isa = PBXGroup;
			children = (
				224D7801183555D000BC8680 /* KnobControl */,
				224D7820183555D000BC8680 /* KnobControlTests */,
				221397F61870CACD0072951C /* RWKnobControl */,
				221398081870CACD0072951C /* RWKnobControlTests */,
				224D77FA183555D000BC8680 /* Frameworks */,
				224D77F9183555D000BC8680 /* Products */,
			);
			sourceTree = "<group>";
		};
		224D77F9183555D000BC8680 /* Products */ = {
			isa = PBXGroup;
			children = (
				224D77F8183555D000BC8680 /* KnobControl.app */,
				224D7819183555D000BC8680 /* KnobControlTests.xctest */,
				221397F41870CACD0072951C /* libRWKnobControl.a */,
				221398011870CACD0072951C /* RWKnobControlTests.xctest */,
			);
			name = Products;
			sourceTree = "<group>";
		};
		224D77FA183555D000BC8680 /* Frameworks */ = {
			isa = PBXGroup;
			children = (
				224D77FB183555D000BC8680 /* Foundation.framework */,
				224D77FD183555D000BC8680 /* CoreGraphics.framework */,
				224D77FF183555D000BC8680 /* UIKit.framework */,
				224D781A183555D000BC8680 /* XCTest.framework */,
			);
			name = Frameworks;
			sourceTree = "<group>";
		};
		224D7801183555D000BC8680 /* KnobControl */ = {
			isa = PBXGroup;
			children = (
				224D780A183555D000BC8680 /* RWAppDelegate.h */,
				224D780B183555D000BC8680 /* RWAppDelegate.m */,
				224D780D183555D000BC8680 /* Main.storyboard */,
				224D7810183555D000BC8680 /* RWViewController.h */,
				224D7811183555D000BC8680 /* RWViewController.m */,
				224D7813183555D000BC8680 /* Images.xcassets */,
				224D7802183555D000BC8680 /* Supporting Files */,
				224D7830183673A500BC8680 /* RWKnobControl.h */,
				224D7831183673A500BC8680 /* RWKnobControl.m */,
				224D7833183830BF00BC8680 /* RWKnobRenderer.h */,
				224D7834183830BF00BC8680 /* RWKnobRenderer.m */,
				2285944518454DDB00CF3D01 /* RWRotationGestureRecognizer.h */,
				2285944618454DDB00CF3D01 /* RWRotationGestureRecognizer.m */,
			);
			path = KnobControl;
			sourceTree = "<group>";
		};
		224D7802183555D000BC8680 /* Supporting Files */ = {
			isa = PBXGroup;
			children = (
				224D7803183555D000BC8680 /* KnobControl-Info.plist */,
				224D7804183555D000BC8680 /* InfoPlist.strings */,
				224D7807183555D000BC8680 /* main.m */,
				224D7809183555D000BC8680 /* KnobControl-Prefix.pch */,
			);
			name = "Supporting Files";
			sourceTree = "<group>";
		};
		224D7820183555D000BC8680 /* KnobControlTests */ = {
			isa = PBXGroup;
			children = (
				224D7826183555D000BC8680 /* KnobControlTests.m */,
				224D7821183555D000BC8680 /* Supporting Files */,
			);
			path = KnobControlTests;
			sourceTree = "<group>";
		};
		224D7821183555D000BC8680 /* Supporting Files */ = {
			isa = PBXGroup;
			children = (
				224D7822183555D000BC8680 /* KnobControlTests-Info.plist */,
				224D7823183555D000BC8680 /* InfoPlist.strings */,
			);
			name = "Supporting Files";
			sourceTree = "<group>";
		};
/* End PBXGroup section */

/* Begin PBXHeadersBuildPhase section */
		221398191870DBD60072951C /* Headers */ = {
			isa = PBXHeadersBuildPhase;
			buildActionMask = 2147483647;
			files = (
				2213981A1870DC7C0072951C /* RWKnobControl.h in Headers */,
				2213981B1870DC7C0072951C /* RWKnobRenderer.h in Headers */,
				2213981C1870DC7C0072951C /* RWRotationGestureRecognizer.h in Headers */,
			);
			runOnlyForDeploymentPostprocessing = 0;
		};
/* End PBXHeadersBuildPhase section */

/* Begin PBXNativeTarget section */
		221397F31870CACD0072951C /* RWKnobControl */ = {
			isa = PBXNativeTarget;
			buildConfigurationList = 221398141870CACD0072951C /* Build configuration list for PBXNativeTarget "RWKnobControl" */;
			buildPhases = (
				221397F01870CACD0072951C /* Sources */,
				221397F11870CACD0072951C /* Frameworks */,
				221397F21870CACD0072951C /* CopyFiles */,
				221398191870DBD60072951C /* Headers */,
			);
			buildRules = (
			);
			dependencies = (
			);
			name = RWKnobControl;
			productName = RWKnobControl;
			productReference = 221397F41870CACD0072951C /* libRWKnobControl.a */;
			productType = "com.apple.product-type.library.static";
		};
		221398001870CACD0072951C /* RWKnobControlTests */ = {
			isa = PBXNativeTarget;
			buildConfigurationList = 221398151870CACD0072951C /* Build configuration list for PBXNativeTarget "RWKnobControlTests" */;
			buildPhases = (
				221397FD1870CACD0072951C /* Sources */,
				221397FE1870CACD0072951C /* Frameworks */,
				221397FF1870CACD0072951C /* Resources */,
			);
			buildRules = (
			);
			dependencies = (
				221398061870CACD0072951C /* PBXTargetDependency */,
			);
			name = RWKnobControlTests;
			productName = RWKnobControlTests;
			productReference = 221398011870CACD0072951C /* RWKnobControlTests.xctest */;
			productType = "com.apple.product-type.bundle.unit-test";
		};
		224D77F7183555D000BC8680 /* KnobControl */ = {
			isa = PBXNativeTarget;
			buildConfigurationList = 224D782A183555D000BC8680 /* Build configuration list for PBXNativeTarget "KnobControl" */;
			buildPhases = (
				224D77F4183555D000BC8680 /* Sources */,
				224D77F5183555D000BC8680 /* Frameworks */,
				224D77F6183555D000BC8680 /* Resources */,
			);
			buildRules = (
			);
			dependencies = (
			);
			name = KnobControl;
			productName = KnobControl;
			productReference = 224D77F8183555D000BC8680 /* KnobControl.app */;
			productType = "com.apple.product-type.application";
		};
		224D7818183555D000BC8680 /* KnobControlTests */ = {
			isa = PBXNativeTarget;
			buildConfigurationList = 224D782D183555D000BC8680 /* Build configuration list for PBXNativeTarget "KnobControlTests" */;
			buildPhases = (
				224D7815183555D000BC8680 /* Sources */,
				224D7816183555D000BC8680 /* Frameworks */,
				224D7817183555D000BC8680 /* Resources */,
			);
			buildRules = (
			);
			dependencies = (
				224D781F183555D000BC8680 /* PBXTargetDependency */,
			);
			name = KnobControlTests;
			productName = KnobControlTests;
			productReference = 224D7819183555D000BC8680 /* KnobControlTests.xctest */;
			productType = "com.apple.product-type.bundle.unit-test";
		};
/* End PBXNativeTarget section */

/* Begin PBXProject section */
		224D77F0183555D000BC8680 /* Project object */ = {
			isa = PBXProject;
			attributes = {
				CLASSPREFIX = RW;
				LastUpgradeCheck = 0500;
				ORGANIZATIONNAME = RayWenderlich;
				TargetAttributes = {
					221398001870CACD0072951C = {
						TestTargetID = 224D77F7183555D000BC8680;
					};
					224D7818183555D000BC8680 = {
						TestTargetID = 224D77F7183555D000BC8680;
					};
				};
			};
			buildConfigurationList = 224D77F3183555D000BC8680 /* Build configuration list for PBXProject "KnobControl" */;
			compatibilityVersion = "Xcode 3.2";
			developmentRegion = English;
			hasScannedForEncodings = 0;
			knownRegions = (
				en,
				Base,
			);
			mainGroup = 224D77EF183555D000BC8680;
			productRefGroup = 224D77F9183555D000BC8680 /* Products */;
			projectDirPath = "";
			projectRoot = "";
			targets = (
				224D77F7183555D000BC8680 /* KnobControl */,
				224D7818183555D000BC8680 /* KnobControlTests */,
				221397F31870CACD0072951C /* RWKnobControl */,
				221398001870CACD0072951C /* RWKnobControlTests */,
			);
		};
/* End PBXProject section */

/* Begin PBXResourcesBuildPhase section */
		221397FF1870CACD0072951C /* Resources */ = {
			isa = PBXResourcesBuildPhase;
			buildActionMask = 2147483647;
			files = (
				2213980D1870CACD0072951C /* InfoPlist.strings in Resources */,
			);
			runOnlyForDeploymentPostprocessing = 0;
		};
		224D77F6183555D000BC8680 /* Resources */ = {
			isa = PBXResourcesBuildPhase;
			buildActionMask = 2147483647;
			files = (
				224D7814183555D000BC8680 /* Images.xcassets in Resources */,
				224D7806183555D000BC8680 /* InfoPlist.strings in Resources */,
				224D780F183555D000BC8680 /* Main.storyboard in Resources */,
			);
			runOnlyForDeploymentPostprocessing = 0;
		};
		224D7817183555D000BC8680 /* Resources */ = {
			isa = PBXResourcesBuildPhase;
			buildActionMask = 2147483647;
			files = (
				224D7825183555D000BC8680 /* InfoPlist.strings in Resources */,
			);
			runOnlyForDeploymentPostprocessing = 0;
		};
/* End PBXResourcesBuildPhase section */

/* Begin PBXSourcesBuildPhase section */
		221397F01870CACD0072951C /* Sources */ = {
			isa = PBXSourcesBuildPhase;
			buildActionMask = 2147483647;
			files = (
				221398161870DA9F0072951C /* RWKnobControl.m in Sources */,
				221398181870DAA80072951C /* RWRotationGestureRecognizer.m in Sources */,
				221398171870DAA30072951C /* RWKnobRenderer.m in Sources */,
			);
			runOnlyForDeploymentPostprocessing = 0;
		};
		221397FD1870CACD0072951C /* Sources */ = {
			isa = PBXSourcesBuildPhase;
			buildActionMask = 2147483647;
			files = (
				2213980F1870CACD0072951C /* RWKnobControlTests.m in Sources */,
			);
			runOnlyForDeploymentPostprocessing = 0;
		};
		224D77F4183555D000BC8680 /* Sources */ = {
			isa = PBXSourcesBuildPhase;
			buildActionMask = 2147483647;
			files = (
				224D7835183830BF00BC8680 /* RWKnobRenderer.m in Sources */,
				224D7808183555D000BC8680 /* main.m in Sources */,
				224D7812183555D000BC8680 /* RWViewController.m in Sources */,
				224D7832183673A500BC8680 /* RWKnobControl.m in Sources */,
				2285944718454DDB00CF3D01 /* RWRotationGestureRecognizer.m in Sources */,
				224D780C183555D000BC8680 /* RWAppDelegate.m in Sources */,
			);
			runOnlyForDeploymentPostprocessing = 0;
		};
		224D7815183555D000BC8680 /* Sources */ = {
			isa = PBXSourcesBuildPhase;
			buildActionMask = 2147483647;
			files = (
				224D7827183555D000BC8680 /* KnobControlTests.m in Sources */,
			);
			runOnlyForDeploymentPostprocessing = 0;
		};
/* End PBXSourcesBuildPhase section */

/* Begin PBXTargetDependency section */
		221398061870CACD0072951C /* PBXTargetDependency */ = {
			isa = PBXTargetDependency;
			target = 221397F31870CACD0072951C /* RWKnobControl */;
			targetProxy = 221398051870CACD0072951C /* PBXContainerItemProxy */;
		};
		224D781F183555D000BC8680 /* PBXTargetDependency */ = {
			isa = PBXTargetDependency;
			target = 224D77F7183555D000BC8680 /* KnobControl */;
			targetProxy = 224D781E183555D000BC8680 /* PBXContainerItemProxy */;
		};
/* End PBXTargetDependency section */

/* Begin PBXVariantGroup section */
		2213980B1870CACD0072951C /* InfoPlist.strings */ = {
			isa = PBXVariantGroup;
			children = (
				2213980C1870CACD0072951C /* en */,
			);
			name = InfoPlist.strings;
			sourceTree = "<group>";
		};
		224D7804183555D000BC8680 /* InfoPlist.strings */ = {
			isa = PBXVariantGroup;
			children = (
				224D7805183555D000BC8680 /* en */,
			);
			name = InfoPlist.strings;
			sourceTree = "<group>";
		};
		224D780D183555D000BC8680 /* Main.storyboard */ = {
			isa = PBXVariantGroup;
			children = (
				224D780E183555D000BC8680 /* Base */,
			);
			name = Main.storyboard;
			sourceTree = "<group>";
		};
		224D7823183555D000BC8680 /* InfoPlist.strings */ = {
			isa = PBXVariantGroup;
			children = (
				224D7824183555D000BC8680 /* en */,
			);
			name = InfoPlist.strings;
			sourceTree = "<group>";
		};
/* End PBXVariantGroup section */

/* Begin XCBuildConfiguration section */
		221398101870CACD0072951C /* Debug */ = {
			isa = XCBuildConfiguration;
			buildSettings = {
				ARCHS = "$(ARCHS_STANDARD_INCLUDING_64_BIT)";
				COPY_PHASE_STRIP = NO;
				DEAD_CODE_STRIPPING = NO;
				DSTROOT = /tmp/RWKnobControl.dst;
				GCC_PRECOMPILE_PREFIX_HEADER = YES;
				GCC_PREFIX_HEADER = "RWKnobControl/RWKnobControl-Prefix.pch";
				GCC_PREPROCESSOR_DEFINITIONS = (
					"DEBUG=1",
					"$(inherited)",
				);
				OTHER_LDFLAGS = "-ObjC";
				PRODUCT_NAME = "$(TARGET_NAME)";
				PUBLIC_HEADERS_FOLDER_PATH = "$(PRODUCT_NAME)Headers";
				SKIP_INSTALL = YES;
				STRIP_STYLE = "non-global";
			};
			name = Debug;
		};
		221398111870CACD0072951C /* Release */ = {
			isa = XCBuildConfiguration;
			buildSettings = {
				ARCHS = "$(ARCHS_STANDARD_INCLUDING_64_BIT)";
				COPY_PHASE_STRIP = NO;
				DEAD_CODE_STRIPPING = NO;
				DSTROOT = /tmp/RWKnobControl.dst;
				GCC_PRECOMPILE_PREFIX_HEADER = YES;
				GCC_PREFIX_HEADER = "RWKnobControl/RWKnobControl-Prefix.pch";
				OTHER_LDFLAGS = "-ObjC";
				PRODUCT_NAME = "$(TARGET_NAME)";
				PUBLIC_HEADERS_FOLDER_PATH = "$(PRODUCT_NAME)Headers";
				SKIP_INSTALL = YES;
				STRIP_STYLE = "non-global";
			};
			name = Release;
		};
		221398121870CACD0072951C /* Debug */ = {
			isa = XCBuildConfiguration;
			buildSettings = {
				ARCHS = "$(ARCHS_STANDARD_INCLUDING_64_BIT)";
				BUNDLE_LOADER = "$(BUILT_PRODUCTS_DIR)/KnobControl.app/KnobControl";
				FRAMEWORK_SEARCH_PATHS = (
					"$(SDKROOT)/Developer/Library/Frameworks",
					"$(inherited)",
					"$(DEVELOPER_FRAMEWORKS_DIR)",
				);
				GCC_PRECOMPILE_PREFIX_HEADER = YES;
				GCC_PREFIX_HEADER = "RWKnobControl/RWKnobControl-Prefix.pch";
				GCC_PREPROCESSOR_DEFINITIONS = (
					"DEBUG=1",
					"$(inherited)",
				);
				INFOPLIST_FILE = "RWKnobControlTests/RWKnobControlTests-Info.plist";
				PRODUCT_NAME = "$(TARGET_NAME)";
				TEST_HOST = "$(BUNDLE_LOADER)";
				WRAPPER_EXTENSION = xctest;
			};
			name = Debug;
		};
		221398131870CACD0072951C /* Release */ = {
			isa = XCBuildConfiguration;
			buildSettings = {
				ARCHS = "$(ARCHS_STANDARD_INCLUDING_64_BIT)";
				BUNDLE_LOADER = "$(BUILT_PRODUCTS_DIR)/KnobControl.app/KnobControl";
				FRAMEWORK_SEARCH_PATHS = (
					"$(SDKROOT)/Developer/Library/Frameworks",
					"$(inherited)",
					"$(DEVELOPER_FRAMEWORKS_DIR)",
				);
				GCC_PRECOMPILE_PREFIX_HEADER = YES;
				GCC_PREFIX_HEADER = "RWKnobControl/RWKnobControl-Prefix.pch";
				INFOPLIST_FILE = "RWKnobControlTests/RWKnobControlTests-Info.plist";
				PRODUCT_NAME = "$(TARGET_NAME)";
				TEST_HOST = "$(BUNDLE_LOADER)";
				WRAPPER_EXTENSION = xctest;
			};
			name = Release;
		};
		224D7828183555D000BC8680 /* Debug */ = {
			isa = XCBuildConfiguration;
			buildSettings = {
				ALWAYS_SEARCH_USER_PATHS = NO;
				ARCHS = "$(ARCHS_STANDARD_INCLUDING_64_BIT)";
				CLANG_CXX_LANGUAGE_STANDARD = "gnu++0x";
				CLANG_CXX_LIBRARY = "libc++";
				CLANG_ENABLE_MODULES = YES;
				CLANG_ENABLE_OBJC_ARC = YES;
				CLANG_WARN_BOOL_CONVERSION = YES;
				CLANG_WARN_CONSTANT_CONVERSION = YES;
				CLANG_WARN_DIRECT_OBJC_ISA_USAGE = YES_ERROR;
				CLANG_WARN_EMPTY_BODY = YES;
				CLANG_WARN_ENUM_CONVERSION = YES;
				CLANG_WARN_INT_CONVERSION = YES;
				CLANG_WARN_OBJC_ROOT_CLASS = YES_ERROR;
				CLANG_WARN__DUPLICATE_METHOD_MATCH = YES;
				"CODE_SIGN_IDENTITY[sdk=iphoneos*]" = "iPhone Developer";
				COPY_PHASE_STRIP = NO;
				GCC_C_LANGUAGE_STANDARD = gnu99;
				GCC_DYNAMIC_NO_PIC = NO;
				GCC_OPTIMIZATION_LEVEL = 0;
				GCC_PREPROCESSOR_DEFINITIONS = (
					"DEBUG=1",
					"$(inherited)",
				);
				GCC_SYMBOLS_PRIVATE_EXTERN = NO;
				GCC_WARN_64_TO_32_BIT_CONVERSION = YES;
				GCC_WARN_ABOUT_RETURN_TYPE = YES_ERROR;
				GCC_WARN_UNDECLARED_SELECTOR = YES;
				GCC_WARN_UNINITIALIZED_AUTOS = YES;
				GCC_WARN_UNUSED_FUNCTION = YES;
				GCC_WARN_UNUSED_VARIABLE = YES;
				IPHONEOS_DEPLOYMENT_TARGET = 7.0;
				ONLY_ACTIVE_ARCH = YES;
				SDKROOT = iphoneos;
			};
			name = Debug;
		};
		224D7829183555D000BC8680 /* Release */ = {
			isa = XCBuildConfiguration;
			buildSettings = {
				ALWAYS_SEARCH_USER_PATHS = NO;
				ARCHS = "$(ARCHS_STANDARD_INCLUDING_64_BIT)";
				CLANG_CXX_LANGUAGE_STANDARD = "gnu++0x";
				CLANG_CXX_LIBRARY = "libc++";
				CLANG_ENABLE_MODULES = YES;
				CLANG_ENABLE_OBJC_ARC = YES;
				CLANG_WARN_BOOL_CONVERSION = YES;
				CLANG_WARN_CONSTANT_CONVERSION = YES;
				CLANG_WARN_DIRECT_OBJC_ISA_USAGE = YES_ERROR;
				CLANG_WARN_EMPTY_BODY = YES;
				CLANG_WARN_ENUM_CONVERSION = YES;
				CLANG_WARN_INT_CONVERSION = YES;
				CLANG_WARN_OBJC_ROOT_CLASS = YES_ERROR;
				CLANG_WARN__DUPLICATE_METHOD_MATCH = YES;
				"CODE_SIGN_IDENTITY[sdk=iphoneos*]" = "iPhone Developer";
				COPY_PHASE_STRIP = YES;
				ENABLE_NS_ASSERTIONS = NO;
				GCC_C_LANGUAGE_STANDARD = gnu99;
				GCC_WARN_64_TO_32_BIT_CONVERSION = YES;
				GCC_WARN_ABOUT_RETURN_TYPE = YES_ERROR;
				GCC_WARN_UNDECLARED_SELECTOR = YES;
				GCC_WARN_UNINITIALIZED_AUTOS = YES;
				GCC_WARN_UNUSED_FUNCTION = YES;
				GCC_WARN_UNUSED_VARIABLE = YES;
				IPHONEOS_DEPLOYMENT_TARGET = 7.0;
				SDKROOT = iphoneos;
				VALIDATE_PRODUCT = YES;
			};
			name = Release;
		};
		224D782B183555D000BC8680 /* Debug */ = {
			isa = XCBuildConfiguration;
			buildSettings = {
				ASSETCATALOG_COMPILER_APPICON_NAME = AppIcon;
				ASSETCATALOG_COMPILER_LAUNCHIMAGE_NAME = LaunchImage;
				GCC_PRECOMPILE_PREFIX_HEADER = YES;
				GCC_PREFIX_HEADER = "KnobControl/KnobControl-Prefix.pch";
				INFOPLIST_FILE = "KnobControl/KnobControl-Info.plist";
				IPHONEOS_DEPLOYMENT_TARGET = 7.0;
				PRODUCT_NAME = "$(TARGET_NAME)";
				WRAPPER_EXTENSION = app;
			};
			name = Debug;
		};
		224D782C183555D000BC8680 /* Release */ = {
			isa = XCBuildConfiguration;
			buildSettings = {
				ASSETCATALOG_COMPILER_APPICON_NAME = AppIcon;
				ASSETCATALOG_COMPILER_LAUNCHIMAGE_NAME = LaunchImage;
				GCC_PRECOMPILE_PREFIX_HEADER = YES;
				GCC_PREFIX_HEADER = "KnobControl/KnobControl-Prefix.pch";
				INFOPLIST_FILE = "KnobControl/KnobControl-Info.plist";
				IPHONEOS_DEPLOYMENT_TARGET = 7.0;
				PRODUCT_NAME = "$(TARGET_NAME)";
				WRAPPER_EXTENSION = app;
			};
			name = Release;
		};
		224D782E183555D000BC8680 /* Debug */ = {
			isa = XCBuildConfiguration;
			buildSettings = {
				ARCHS = "$(ARCHS_STANDARD_INCLUDING_64_BIT)";
				BUNDLE_LOADER = "$(BUILT_PRODUCTS_DIR)/KnobControl.app/KnobControl";
				FRAMEWORK_SEARCH_PATHS = (
					"$(SDKROOT)/Developer/Library/Frameworks",
					"$(inherited)",
					"$(DEVELOPER_FRAMEWORKS_DIR)",
				);
				GCC_PRECOMPILE_PREFIX_HEADER = YES;
				GCC_PREFIX_HEADER = "KnobControl/KnobControl-Prefix.pch";
				GCC_PREPROCESSOR_DEFINITIONS = (
					"DEBUG=1",
					"$(inherited)",
				);
				INFOPLIST_FILE = "KnobControlTests/KnobControlTests-Info.plist";
				PRODUCT_NAME = "$(TARGET_NAME)";
				TEST_HOST = "$(BUNDLE_LOADER)";
				WRAPPER_EXTENSION = xctest;
			};
			name = Debug;
		};
		224D782F183555D000BC8680 /* Release */ = {
			isa = XCBuildConfiguration;
			buildSettings = {
				ARCHS = "$(ARCHS_STANDARD_INCLUDING_64_BIT)";
				BUNDLE_LOADER = "$(BUILT_PRODUCTS_DIR)/KnobControl.app/KnobControl";
				FRAMEWORK_SEARCH_PATHS = (
					"$(SDKROOT)/Developer/Library/Frameworks",
					"$(inherited)",
					"$(DEVELOPER_FRAMEWORKS_DIR)",
				);
				GCC_PRECOMPILE_PREFIX_HEADER = YES;
				GCC_PREFIX_HEADER = "KnobControl/KnobControl-Prefix.pch";
				INFOPLIST_FILE = "KnobControlTests/KnobControlTests-Info.plist";
				PRODUCT_NAME = "$(TARGET_NAME)";
				TEST_HOST = "$(BUNDLE_LOADER)";
				WRAPPER_EXTENSION = xctest;
			};
			name = Release;
		};
/* End XCBuildConfiguration section */

/* Begin XCConfigurationList section */
		221398141870CACD0072951C /* Build configuration list for PBXNativeTarget "RWKnobControl" */ = {
			isa = XCConfigurationList;
			buildConfigurations = (
				221398101870CACD0072951C /* Debug */,
				221398111870CACD0072951C /* Release */,
			);
			defaultConfigurationIsVisible = 0;
		};
		221398151870CACD0072951C /* Build configuration list for PBXNativeTarget "RWKnobControlTests" */ = {
			isa = XCConfigurationList;
			buildConfigurations = (
				221398121870CACD0072951C /* Debug */,
				221398131870CACD0072951C /* Release */,
			);
			defaultConfigurationIsVisible = 0;
		};
		224D77F3183555D000BC8680 /* Build configuration list for PBXProject "KnobControl" */ = {
			isa = XCConfigurationList;
			buildConfigurations = (
				224D7828183555D000BC8680 /* Debug */,
				224D7829183555D000BC8680 /* Release */,
			);
			defaultConfigurationIsVisible = 0;
			defaultConfigurationName = Release;
		};
		224D782A183555D000BC8680 /* Build configuration list for PBXNativeTarget "KnobControl" */ = {
			isa = XCConfigurationList;
			buildConfigurations = (
				224D782B183555D000BC8680 /* Debug */,
				224D782C183555D000BC8680 /* Release */,
			);
			defaultConfigurationIsVisible = 0;
			defaultConfigurationName = Release;
		};
		224D782D183555D000BC8680 /* Build configuration list for PBXNativeTarget "KnobControlTests" */ = {
			isa = XCConfigurationList;
			buildConfigurations = (
				224D782E183555D000BC8680 /* Debug */,
				224D782F183555D000BC8680 /* Release */,
			);
			defaultConfigurationIsVisible = 0;
			defaultConfigurationName = Release;
		};
/* End XCConfigurationList section */
	};
	rootObject = 224D77F0183555D000BC8680 /* Project object */;
}
